
Microsoft Visual Studio Solution File, Format Version 12.00
# Visual Studio Version 17
VisualStudioVersion = 17.14.36518.9 d17.14
MinimumVisualStudioVersion = 10.0.40219.1
Project("{FAE04EC0-301F-11D3-BF4B-00C04F79EFBC}") = "API.Movie", "API.Movie\API.Movie.csproj", "{6F489726-3BED-4F01-89C0-CA9DFCEBB955}"
EndProject
Global
	GlobalSection(SolutionConfigurationPlatforms) = preSolution
		Debug|Any CPU = Debug|Any CPU
		Release|Any CPU = Release|Any CPU
	EndGlobalSection
	GlobalSection(ProjectConfigurationPlatforms) = postSolution
		{6F489726-3BED-4F01-89C0-CA9DFCEBB955}.Debug|Any CPU.ActiveCfg = Debug|Any CPU
		{6F489726-3BED-4F01-89C0-CA9DFCEBB955}.Debug|Any CPU.Build.0 = Debug|Any CPU
		{6F489726-3BED-4F01-89C0-CA9DFCEBB955}.Release|Any CPU.ActiveCfg = Release|Any CPU
		{6F489726-3BED-4F01-89C0-CA9DFCEBB955}.Release|Any CPU.Build.0 = Release|Any CPU
	EndGlobalSection
	GlobalSection(SolutionProperties) = preSolution
		HideSolutionNode = FALSE
	EndGlobalSection
	GlobalSection(ExtensibilityGlobals) = postSolution
		SolutionGuid = {46597CDF-4771-4529-8852-B8BA3DCD9BDD}
	EndGlobalSection
EndGlobal
